
Microsoft Visual Studio Solution File, Format Version 11.00
# Visual Studio 2010
Project("{FAE04EC0-301F-11D3-BF4B-00C04F79EFBC}") = "WebView", "Assembly-CSharp.csproj", "{13515B19-6BAE-4731-487C-01B7FC8976D9}"
EndProject
Global
	GlobalSection(SolutionConfigurationPlatforms) = preSolution
		Debug|Any CPU = Debug|Any CPU
		Release|Any CPU = Release|Any CPU
	EndGlobalSection
	GlobalSection(ProjectConfigurationPlatforms) = postSolution
		{13515B19-6BAE-4731-487C-01B7FC8976D9}.Debug|Any CPU.ActiveCfg = Debug|Any CPU
		{13515B19-6BAE-4731-487C-01B7FC8976D9}.Debug|Any CPU.Build.0 = Debug|Any CPU
		{13515B19-6BAE-4731-487C-01B7FC8976D9}.Release|Any CPU.ActiveCfg = Release|Any CPU
		{13515B19-6BAE-4731-487C-01B7FC8976D9}.Release|Any CPU.Build.0 = Release|Any CPU
	EndGlobalSection
	GlobalSection(SolutionProperties) = preSolution
		HideSolutionNode = FALSE
	EndGlobalSection
	GlobalSection(MonoDevelopProperties) = preSolution
		StartupItem = Assembly-CSharp.csproj
	EndGlobalSection
EndGlobal
